// !$*UTF8*$!
{
	archiveVersion = 1;
	classes = {
	};
	objectVersion = 50;
	objects = {

/* Begin PBXBuildFile section */
		3A9577D422FB1ADD00A7AB7C /* AppDelegate.swift in Sources */ = {isa = PBXBuildFile; fileRef = 3A9577D322FB1ADD00A7AB7C /* AppDelegate.swift */; };
		3A9577D622FB1ADD00A7AB7C /* ViewController.swift in Sources */ = {isa = PBXBuildFile; fileRef = 3A9577D522FB1ADD00A7AB7C /* ViewController.swift */; };
		3A9577D922FB1ADD00A7AB7C /* Main.storyboard in Resources */ = {isa = PBXBuildFile; fileRef = 3A9577D722FB1ADD00A7AB7C /* Main.storyboard */; };
		3A9577DB22FB1ADF00A7AB7C /* Assets.xcassets in Resources */ = {isa = PBXBuildFile; fileRef = 3A9577DA22FB1ADF00A7AB7C /* Assets.xcassets */; };
		3A9577DE22FB1ADF00A7AB7C /* LaunchScreen.storyboard in Resources */ = {isa = PBXBuildFile; fileRef = 3A9577DC22FB1ADF00A7AB7C /* LaunchScreen.storyboard */; };
		3A9577E922FB1ADF00A7AB7C /* AutoLayoutTests.swift in Sources */ = {isa = PBXBuildFile; fileRef = 3A9577E822FB1ADF00A7AB7C /* AutoLayoutTests.swift */; };
		3A9577F422FB1ADF00A7AB7C /* AutoLayoutUITests.swift in Sources */ = {isa = PBXBuildFile; fileRef = 3A9577F322FB1ADF00A7AB7C /* AutoLayoutUITests.swift */; };
/* End PBXBuildFile section */

/* Begin PBXContainerItemProxy section */
		3A9577E522FB1ADF00A7AB7C /* PBXContainerItemProxy */ = {
			isa = PBXContainerItemProxy;
			containerPortal = 3A9577C822FB1ADD00A7AB7C /* Project object */;
			proxyType = 1;
			remoteGlobalIDString = 3A9577CF22FB1ADD00A7AB7C;
			remoteInfo = AutoLayout;
		};
		3A9577F022FB1ADF00A7AB7C /* PBXContainerItemProxy */ = {
			isa = PBXContainerItemProxy;
			containerPortal = 3A9577C822FB1ADD00A7AB7C /* Project object */;
			proxyType = 1;
			remoteGlobalIDString = 3A9577CF22FB1ADD00A7AB7C;
			remoteInfo = AutoLayout;
		};
/* End PBXContainerItemProxy section */

/* Begin PBXFileReference section */
		3A9577D022FB1ADD00A7AB7C /* AutoLayout.app */ = {isa = PBXFileReference; explicitFileType = wrapper.application; includeInIndex = 0; path = AutoLayout.app; sourceTree = BUILT_PRODUCTS_DIR; };
		3A9577D322FB1ADD00A7AB7C /* AppDelegate.swift */ = {isa = PBXFileReference; lastKnownFileType = sourcecode.swift; path = AppDelegate.swift; sourceTree = "<group>"; };
		3A9577D522FB1ADD00A7AB7C /* ViewController.swift */ = {isa = PBXFileReference; lastKnownFileType = sourcecode.swift; path = ViewController.swift; sourceTree = "<group>"; };
		3A9577D822FB1ADD00A7AB7C /* Base */ = {isa = PBXFileReference; lastKnownFileType = file.storyboard; name = Base; path = Base.lproj/Main.storyboard; sourceTree = "<group>"; };
		3A9577DA22FB1ADF00A7AB7C /* Assets.xcassets */ = {isa = PBXFileReference; lastKnownFileType = folder.assetcatalog; path = Assets.xcassets; sourceTree = "<group>"; };
		3A9577DD22FB1ADF00A7AB7C /* Base */ = {isa = PBXFileReference; lastKnownFileType = file.storyboard; name = Base; path = Base.lproj/LaunchScreen.storyboard; sourceTree = "<group>"; };
		3A9577DF22FB1ADF00A7AB7C /* Info.plist */ = {isa = PBXFileReference; lastKnownFileType = text.plist.xml; path = Info.plist; sourceTree = "<group>"; };
		3A9577E422FB1ADF00A7AB7C /* AutoLayoutTests.xctest */ = {isa = PBXFileReference; explicitFileType = wrapper.cfbundle; includeInIndex = 0; path = AutoLayoutTests.xctest; sourceTree = BUILT_PRODUCTS_DIR; };
		3A9577E822FB1ADF00A7AB7C /* AutoLayoutTests.swift */ = {isa = PBXFileReference; lastKnownFileType = sourcecode.swift; path = AutoLayoutTests.swift; sourceTree = "<group>"; };
		3A9577EA22FB1ADF00A7AB7C /* Info.plist */ = {isa = PBXFileReference; lastKnownFileType = text.plist.xml; path = Info.plist; sourceTree = "<group>"; };
		3A9577EF22FB1ADF00A7AB7C /* AutoLayoutUITests.xctest */ = {isa = PBXFileReference; explicitFileType = wrapper.cfbundle; includeInIndex = 0; path = AutoLayoutUITests.xctest; sourceTree = BUILT_PRODUCTS_DIR; };
		3A9577F322FB1ADF00A7AB7C /* AutoLayoutUITests.swift */ = {isa = PBXFileReference; lastKnownFileType = sourcecode.swift; path = AutoLayoutUITests.swift; sourceTree = "<group>"; };
		3A9577F522FB1ADF00A7AB7C /* Info.plist */ = {isa = PBXFileReference; lastKnownFileType = text.plist.xml; path = Info.plist; sourceTree = "<group>"; };
/* End PBXFileReference section */

/* Begin PBXFrameworksBuildPhase section */
		3A9577CD22FB1ADD00A7AB7C /* Frameworks */ = {
			isa = PBXFrameworksBuildPhase;
			buildActionMask = 2147483647;
			files = (
			);
			runOnlyForDeploymentPostprocessing = 0;
		};
		3A9577E122FB1ADF00A7AB7C /* Frameworks */ = {
			isa = PBXFrameworksBuildPhase;
			buildActionMask = 2147483647;
			files = (
			);
			runOnlyForDeploymentPostprocessing = 0;
		};
		3A9577EC22FB1ADF00A7AB7C /* Frameworks */ = {
			isa = PBXFrameworksBuildPhase;
			buildActionMask = 2147483647;
			files = (
			);
			runOnlyForDeploymentPostprocessing = 0;
		};
/* End PBXFrameworksBuildPhase section */

/* Begin PBXGroup section */
		3A9577C722FB1ADD00A7AB7C = {
			isa = PBXGroup;
			children = (
				3A9577D222FB1ADD00A7AB7C /* AutoLayout */,
				3A9577E722FB1ADF00A7AB7C /* AutoLayoutTests */,
				3A9577F222FB1ADF00A7AB7C /* AutoLayoutUITests */,
				3A9577D122FB1ADD00A7AB7C /* Products */,
			);
			sourceTree = "<group>";
		};
		3A9577D122FB1ADD00A7AB7C /* Products */ = {
			isa = PBXGroup;
			children = (
				3A9577D022FB1ADD00A7AB7C /* AutoLayout.app */,
				3A9577E422FB1ADF00A7AB7C /* AutoLayoutTests.xctest */,
				3A9577EF22FB1ADF00A7AB7C /* AutoLayoutUITests.xctest */,
			);
			name = Products;
			sourceTree = "<group>";
		};
		3A9577D222FB1ADD00A7AB7C /* AutoLayout */ = {
			isa = PBXGroup;
			children = (
				3A9577D322FB1ADD00A7AB7C /* AppDelegate.swift */,
				3A9577D522FB1ADD00A7AB7C /* ViewController.swift */,
				3A9577D722FB1ADD00A7AB7C /* Main.storyboard */,
				3A9577DA22FB1ADF00A7AB7C /* Assets.xcassets */,
				3A9577DC22FB1ADF00A7AB7C /* LaunchScreen.storyboard */,
				3A9577DF22FB1ADF00A7AB7C /* Info.plist */,
			);
			path = AutoLayout;
			sourceTree = "<group>";
		};
		3A9577E722FB1ADF00A7AB7C /* AutoLayoutTests */ = {
			isa = PBXGroup;
			children = (
				3A9577E822FB1ADF00A7AB7C /* AutoLayoutTests.swift */,
				3A9577EA22FB1ADF00A7AB7C /* Info.plist */,
			);
			path = AutoLayoutTests;
			sourceTree = "<group>";
		};
		3A9577F222FB1ADF00A7AB7C /* AutoLayoutUITests */ = {
			isa = PBXGroup;
			children = (
				3A9577F322FB1ADF00A7AB7C /* AutoLayoutUITests.swift */,
				3A9577F522FB1ADF00A7AB7C /* Info.plist */,
			);
			path = AutoLayoutUITests;
			sourceTree = "<group>";
		};
/* End PBXGroup section */

/* Begin PBXNativeTarget section */
		3A9577CF22FB1ADD00A7AB7C /* AutoLayout */ = {
			isa = PBXNativeTarget;
			buildConfigurationList = 3A9577F822FB1ADF00A7AB7C /* Build configuration list for PBXNativeTarget "AutoLayout" */;
			buildPhases = (
				3A9577CC22FB1ADD00A7AB7C /* Sources */,
				3A9577CD22FB1ADD00A7AB7C /* Frameworks */,
				3A9577CE22FB1ADD00A7AB7C /* Resources */,
			);
			buildRules = (
			);
			dependencies = (
			);
			name = AutoLayout;
			productName = AutoLayout;
			productReference = 3A9577D022FB1ADD00A7AB7C /* AutoLayout.app */;
			productType = "com.apple.product-type.application";
		};
		3A9577E322FB1ADF00A7AB7C /* AutoLayoutTests */ = {
			isa = PBXNativeTarget;
			buildConfigurationList = 3A9577FB22FB1ADF00A7AB7C /* Build configuration list for PBXNativeTarget "AutoLayoutTests" */;
			buildPhases = (
				3A9577E022FB1ADF00A7AB7C /* Sources */,
				3A9577E122FB1ADF00A7AB7C /* Frameworks */,
				3A9577E222FB1ADF00A7AB7C /* Resources */,
			);
			buildRules = (
			);
			dependencies = (
				3A9577E622FB1ADF00A7AB7C /* PBXTargetDependency */,
			);
			name = AutoLayoutTests;
			productName = AutoLayoutTests;
			productReference = 3A9577E422FB1ADF00A7AB7C /* AutoLayoutTests.xctest */;
			productType = "com.apple.product-type.bundle.unit-test";
		};
		3A9577EE22FB1ADF00A7AB7C /* AutoLayoutUITests */ = {
			isa = PBXNativeTarget;
			buildConfigurationList = 3A9577FE22FB1ADF00A7AB7C /* Build configuration list for PBXNativeTarget "AutoLayoutUITests" */;
			buildPhases = (
				3A9577EB22FB1ADF00A7AB7C /* Sources */,
				3A9577EC22FB1ADF00A7AB7C /* Frameworks */,
				3A9577ED22FB1ADF00A7AB7C /* Resources */,
			);
			buildRules = (
			);
			dependencies = (
				3A9577F122FB1ADF00A7AB7C /* PBXTargetDependency */,
			);
			name = AutoLayoutUITests;
			productName = AutoLayoutUITests;
			productReference = 3A9577EF22FB1ADF00A7AB7C /* AutoLayoutUITests.xctest */;
			productType = "com.apple.product-type.bundle.ui-testing";
		};
/* End PBXNativeTarget section */

/* Begin PBXProject section */
		3A9577C822FB1ADD00A7AB7C /* Project object */ = {
			isa = PBXProject;
			attributes = {
				LastSwiftUpdateCheck = 1030;
				LastUpgradeCheck = 1030;
				ORGANIZATIONNAME = "Sam Roman";
				TargetAttributes = {
					3A9577CF22FB1ADD00A7AB7C = {
						CreatedOnToolsVersion = 10.3;
					};
					3A9577E322FB1ADF00A7AB7C = {
						CreatedOnToolsVersion = 10.3;
						TestTargetID = 3A9577CF22FB1ADD00A7AB7C;
					};
					3A9577EE22FB1ADF00A7AB7C = {
						CreatedOnToolsVersion = 10.3;
						TestTargetID = 3A9577CF22FB1ADD00A7AB7C;
					};
				};
			};
			buildConfigurationList = 3A9577CB22FB1ADD00A7AB7C /* Build configuration list for PBXProject "AutoLayout" */;
			compatibilityVersion = "Xcode 9.3";
			developmentRegion = en;
			hasScannedForEncodings = 0;
			knownRegions = (
				en,
				Base,
			);
			mainGroup = 3A9577C722FB1ADD00A7AB7C;
			productRefGroup = 3A9577D122FB1ADD00A7AB7C /* Products */;
			projectDirPath = "";
			projectRoot = "";
			targets = (
				3A9577CF22FB1ADD00A7AB7C /* AutoLayout */,
				3A9577E322FB1ADF00A7AB7C /* AutoLayoutTests */,
				3A9577EE22FB1ADF00A7AB7C /* AutoLayoutUITests */,
			);
		};
/* End PBXProject section */

/* Begin PBXResourcesBuildPhase section */
		3A9577CE22FB1ADD00A7AB7C /* Resources */ = {
			isa = PBXResourcesBuildPhase;
			buildActionMask = 2147483647;
			files = (
				3A9577DE22FB1ADF00A7AB7C /* LaunchScreen.storyboard in Resources */,
				3A9577DB22FB1ADF00A7AB7C /* Assets.xcassets in Resources */,
				3A9577D922FB1ADD00A7AB7C /* Main.storyboard in Resources */,
			);
			runOnlyForDeploymentPostprocessing = 0;
		};
		3A9577E222FB1ADF00A7AB7C /* Resources */ = {
			isa = PBXResourcesBuildPhase;
			buildActionMask = 2147483647;
			files = (
			);
			runOnlyForDeploymentPostprocessing = 0;
		};
		3A9577ED22FB1ADF00A7AB7C /* Resources */ = {
			isa = PBXResourcesBuildPhase;
			buildActionMask = 2147483647;
			files = (
			);
			runOnlyForDeploymentPostprocessing = 0;
		};
/* End PBXResourcesBuildPhase section */

/* Begin PBXSourcesBuildPhase section */
		3A9577CC22FB1ADD00A7AB7C /* Sources */ = {
			isa = PBXSourcesBuildPhase;
			buildActionMask = 2147483647;
			files = (
				3A9577D622FB1ADD00A7AB7C /* ViewController.swift in Sources */,
				3A9577D422FB1ADD00A7AB7C /* AppDelegate.swift in Sources */,
			);
			runOnlyForDeploymentPostprocessing = 0;
		};
		3A9577E022FB1ADF00A7AB7C /* Sources */ = {
			isa = PBXSourcesBuildPhase;
			buildActionMask = 2147483647;
			files = (
				3A9577E922FB1ADF00A7AB7C /* AutoLayoutTests.swift in Sources */,
			);
			runOnlyForDeploymentPostprocessing = 0;
		};
		3A9577EB22FB1ADF00A7AB7C /* Sources */ = {
			isa = PBXSourcesBuildPhase;
			buildActionMask = 2147483647;
			files = (
				3A9577F422FB1ADF00A7AB7C /* AutoLayoutUITests.swift in Sources */,
			);
			runOnlyForDeploymentPostprocessing = 0;
		};
/* End PBXSourcesBuildPhase section */

/* Begin PBXTargetDependency section */
		3A9577E622FB1ADF00A7AB7C /* PBXTargetDependency */ = {
			isa = PBXTargetDependency;
			target = 3A9577CF22FB1ADD00A7AB7C /* AutoLayout */;
			targetProxy = 3A9577E522FB1ADF00A7AB7C /* PBXContainerItemProxy */;
		};
		3A9577F122FB1ADF00A7AB7C /* PBXTargetDependency */ = {
			isa = PBXTargetDependency;
			target = 3A9577CF22FB1ADD00A7AB7C /* AutoLayout */;
			targetProxy = 3A9577F022FB1ADF00A7AB7C /* PBXContainerItemProxy */;
		};
/* End PBXTargetDependency section */

/* Begin PBXVariantGroup section */
		3A9577D722FB1ADD00A7AB7C /* Main.storyboard */ = {
			isa = PBXVariantGroup;
			children = (
				3A9577D822FB1ADD00A7AB7C /* Base */,
			);
			name = Main.storyboard;
			sourceTree = "<group>";
		};
		3A9577DC22FB1ADF00A7AB7C /* LaunchScreen.storyboard */ = {
			isa = PBXVariantGroup;
			children = (
				3A9577DD22FB1ADF00A7AB7C /* Base */,
			);
			name = LaunchScreen.storyboard;
			sourceTree = "<group>";
		};
/* End PBXVariantGroup section */

/* Begin XCBuildConfiguration section */
		3A9577F622FB1ADF00A7AB7C /* Debug */ = {
			isa = XCBuildConfiguration;
			buildSettings = {
				ALWAYS_SEARCH_USER_PATHS = NO;
				CLANG_ANALYZER_NONNULL = YES;
				CLANG_ANALYZER_NUMBER_OBJECT_CONVERSION = YES_AGGRESSIVE;
				CLANG_CXX_LANGUAGE_STANDARD = "gnu++14";
				CLANG_CXX_LIBRARY = "libc++";
				CLANG_ENABLE_MODULES = YES;
				CLANG_ENABLE_OBJC_ARC = YES;
				CLANG_ENABLE_OBJC_WEAK = YES;
				CLANG_WARN_BLOCK_CAPTURE_AUTORELEASING = YES;
				CLANG_WARN_BOOL_CONVERSION = YES;
				CLANG_WARN_COMMA = YES;
				CLANG_WARN_CONSTANT_CONVERSION = YES;
				CLANG_WARN_DEPRECATED_OBJC_IMPLEMENTATIONS = YES;
				CLANG_WARN_DIRECT_OBJC_ISA_USAGE = YES_ERROR;
				CLANG_WARN_DOCUMENTATION_COMMENTS = YES;
				CLANG_WARN_EMPTY_BODY = YES;
				CLANG_WARN_ENUM_CONVERSION = YES;
				CLANG_WARN_INFINITE_RECURSION = YES;
				CLANG_WARN_INT_CONVERSION = YES;
				CLANG_WARN_NON_LITERAL_NULL_CONVERSION = YES;
				CLANG_WARN_OBJC_IMPLICIT_RETAIN_SELF = YES;
				CLANG_WARN_OBJC_LITERAL_CONVERSION = YES;
				CLANG_WARN_OBJC_ROOT_CLASS = YES_ERROR;
				CLANG_WARN_RANGE_LOOP_ANALYSIS = YES;
				CLANG_WARN_STRICT_PROTOTYPES = YES;
				CLANG_WARN_SUSPICIOUS_MOVE = YES;
				CLANG_WARN_UNGUARDED_AVAILABILITY = YES_AGGRESSIVE;
				CLANG_WARN_UNREACHABLE_CODE = YES;
				CLANG_WARN__DUPLICATE_METHOD_MATCH = YES;
				CODE_SIGN_IDENTITY = "iPhone Developer";
				COPY_PHASE_STRIP = NO;
				DEBUG_INFORMATION_FORMAT = dwarf;
				ENABLE_STRICT_OBJC_MSGSEND = YES;
				ENABLE_TESTABILITY = YES;
				GCC_C_LANGUAGE_STANDARD = gnu11;
				GCC_DYNAMIC_NO_PIC = NO;
				GCC_NO_COMMON_BLOCKS = YES;
				GCC_OPTIMIZATION_LEVEL = 0;
				GCC_PREPROCESSOR_DEFINITIONS = (
					"DEBUG=1",
					"$(inherited)",
				);
				GCC_WARN_64_TO_32_BIT_CONVERSION = YES;
				GCC_WARN_ABOUT_RETURN_TYPE = YES_ERROR;
				GCC_WARN_UNDECLARED_SELECTOR = YES;
				GCC_WARN_UNINITIALIZED_AUTOS = YES_AGGRESSIVE;
				GCC_WARN_UNUSED_FUNCTION = YES;
				GCC_WARN_UNUSED_VARIABLE = YES;
				IPHONEOS_DEPLOYMENT_TARGET = 12.4;
				MTL_ENABLE_DEBUG_INFO = INCLUDE_SOURCE;
				MTL_FAST_MATH = YES;
				ONLY_ACTIVE_ARCH = YES;
				SDKROOT = iphoneos;
				SWIFT_ACTIVE_COMPILATION_CONDITIONS = DEBUG;
				SWIFT_OPTIMIZATION_LEVEL = "-Onone";
			};
			name = Debug;
		};
		3A9577F722FB1ADF00A7AB7C /* Release */ = {
			isa = XCBuildConfiguration;
			buildSettings = {
				ALWAYS_SEARCH_USER_PATHS = NO;
				CLANG_ANALYZER_NONNULL = YES;
				CLANG_ANALYZER_NUMBER_OBJECT_CONVERSION = YES_AGGRESSIVE;
				CLANG_CXX_LANGUAGE_STANDARD = "gnu++14";
				CLANG_CXX_LIBRARY = "libc++";
				CLANG_ENABLE_MODULES = YES;
				CLANG_ENABLE_OBJC_ARC = YES;
				CLANG_ENABLE_OBJC_WEAK = YES;
				CLANG_WARN_BLOCK_CAPTURE_AUTORELEASING = YES;
				CLANG_WARN_BOOL_CONVERSION = YES;
				CLANG_WARN_COMMA = YES;
				CLANG_WARN_CONSTANT_CONVERSION = YES;
				CLANG_WARN_DEPRECATED_OBJC_IMPLEMENTATIONS = YES;
				CLANG_WARN_DIRECT_OBJC_ISA_USAGE = YES_ERROR;
				CLANG_WARN_DOCUMENTATION_COMMENTS = YES;
				CLANG_WARN_EMPTY_BODY = YES;
				CLANG_WARN_ENUM_CONVERSION = YES;
				CLANG_WARN_INFINITE_RECURSION = YES;
				CLANG_WARN_INT_CONVERSION = YES;
				CLANG_WARN_NON_LITERAL_NULL_CONVERSION = YES;
				CLANG_WARN_OBJC_IMPLICIT_RETAIN_SELF = YES;
				CLANG_WARN_OBJC_LITERAL_CONVERSION = YES;
				CLANG_WARN_OBJC_ROOT_CLASS = YES_ERROR;
				CLANG_WARN_RANGE_LOOP_ANALYSIS = YES;
				CLANG_WARN_STRICT_PROTOTYPES = YES;
				CLANG_WARN_SUSPICIOUS_MOVE = YES;
				CLANG_WARN_UNGUARDED_AVAILABILITY = YES_AGGRESSIVE;
				CLANG_WARN_UNREACHABLE_CODE = YES;
				CLANG_WARN__DUPLICATE_METHOD_MATCH = YES;
				CODE_SIGN_IDENTITY = "iPhone Developer";
				COPY_PHASE_STRIP = NO;
				DEBUG_INFORMATION_FORMAT = "dwarf-with-dsym";
				ENABLE_NS_ASSERTIONS = NO;
				ENABLE_STRICT_OBJC_MSGSEND = YES;
				GCC_C_LANGUAGE_STANDARD = gnu11;
				GCC_NO_COMMON_BLOCKS = YES;
				GCC_WARN_64_TO_32_BIT_CONVERSION = YES;
				GCC_WARN_ABOUT_RETURN_TYPE = YES_ERROR;
				GCC_WARN_UNDECLARED_SELECTOR = YES;
				GCC_WARN_UNINITIALIZED_AUTOS = YES_AGGRESSIVE;
				GCC_WARN_UNUSED_FUNCTION = YES;
				GCC_WARN_UNUSED_VARIABLE = YES;
				IPHONEOS_DEPLOYMENT_TARGET = 12.4;
				MTL_ENABLE_DEBUG_INFO = NO;
				MTL_FAST_MATH = YES;
				SDKROOT = iphoneos;
				SWIFT_COMPILATION_MODE = wholemodule;
				SWIFT_OPTIMIZATION_LEVEL = "-O";
				VALIDATE_PRODUCT = YES;
			};
			name = Release;
		};
		3A9577F922FB1ADF00A7AB7C /* Debug */ = {
			isa = XCBuildConfiguration;
			buildSettings = {
				ASSETCATALOG_COMPILER_APPICON_NAME = AppIcon;
				CODE_SIGN_STYLE = Automatic;
				DEVELOPMENT_TEAM = BHJSDBBPS7;
				INFOPLIST_FILE = AutoLayout/Info.plist;
				LD_RUNPATH_SEARCH_PATHS = (
					"$(inherited)",
					"@executable_path/Frameworks",
				);
				PRODUCT_BUNDLE_IDENTIFIER = pursuit.AutoLayout;
				PRODUCT_NAME = "$(TARGET_NAME)";
				SWIFT_VERSION = 5.0;
				TARGETED_DEVICE_FAMILY = "1,2";
			};
			name = Debug;
		};
		3A9577FA22FB1ADF00A7AB7C /* Release */ = {
			isa = XCBuildConfiguration;
			buildSettings = {
				ASSETCATALOG_COMPILER_APPICON_NAME = AppIcon;
				CODE_SIGN_STYLE = Automatic;
				DEVELOPMENT_TEAM = BHJSDBBPS7;
				INFOPLIST_FILE = AutoLayout/Info.plist;
				LD_RUNPATH_SEARCH_PATHS = (
					"$(inherited)",
					"@executable_path/Frameworks",
				);
				PRODUCT_BUNDLE_IDENTIFIER = pursuit.AutoLayout;
				PRODUCT_NAME = "$(TARGET_NAME)";
				SWIFT_VERSION = 5.0;
				TARGETED_DEVICE_FAMILY = "1,2";
			};
			name = Release;
		};
		3A9577FC22FB1ADF00A7AB7C /* Debug */ = {
			isa = XCBuildConfiguration;
			buildSettings = {
				ALWAYS_EMBED_SWIFT_STANDARD_LIBRARIES = YES;
				BUNDLE_LOADER = "$(TEST_HOST)";
				CODE_SIGN_STYLE = Automatic;
				DEVELOPMENT_TEAM = BHJSDBBPS7;
				INFOPLIST_FILE = AutoLayoutTests/Info.plist;
				LD_RUNPATH_SEARCH_PATHS = (
					"$(inherited)",
					"@executable_path/Frameworks",
					"@loader_path/Frameworks",
				);
				PRODUCT_BUNDLE_IDENTIFIER = pursuit.AutoLayoutTests;
				PRODUCT_NAME = "$(TARGET_NAME)";
				SWIFT_VERSION = 5.0;
				TARGETED_DEVICE_FAMILY = "1,2";
				TEST_HOST = "$(BUILT_PRODUCTS_DIR)/AutoLayout.app/AutoLayout";
			};
			name = Debug;
		};
		3A9577FD22FB1ADF00A7AB7C /* Release */ = {
			isa = XCBuildConfiguration;
			buildSettings = {
				ALWAYS_EMBED_SWIFT_STANDARD_LIBRARIES = YES;
				BUNDLE_LOADER = "$(TEST_HOST)";
				CODE_SIGN_STYLE = Automatic;
				DEVELOPMENT_TEAM = BHJSDBBPS7;
				INFOPLIST_FILE = AutoLayoutTests/Info.plist;
				LD_RUNPATH_SEARCH_PATHS = (
					"$(inherited)",
					"@executable_path/Frameworks",
					"@loader_path/Frameworks",
				);
				PRODUCT_BUNDLE_IDENTIFIER = pursuit.AutoLayoutTests;
				PRODUCT_NAME = "$(TARGET_NAME)";
				SWIFT_VERSION = 5.0;
				TARGETED_DEVICE_FAMILY = "1,2";
				TEST_HOST = "$(BUILT_PRODUCTS_DIR)/AutoLayout.app/AutoLayout";
			};
			name = Release;
		};
		3A9577FF22FB1ADF00A7AB7C /* Debug */ = {
			isa = XCBuildConfiguration;
			buildSettings = {
				ALWAYS_EMBED_SWIFT_STANDARD_LIBRARIES = YES;
				CODE_SIGN_STYLE = Automatic;
				DEVELOPMENT_TEAM = BHJSDBBPS7;
				INFOPLIST_FILE = AutoLayoutUITests/Info.plist;
				LD_RUNPATH_SEARCH_PATHS = (
					"$(inherited)",
					"@executable_path/Frameworks",
					"@loader_path/Frameworks",
				);
				PRODUCT_BUNDLE_IDENTIFIER = pursuit.AutoLayoutUITests;
				PRODUCT_NAME = "$(TARGET_NAME)";
				SWIFT_VERSION = 5.0;
				TARGETED_DEVICE_FAMILY = "1,2";
				TEST_TARGET_NAME = AutoLayout;
			};
			name = Debug;
		};
		3A95780022FB1ADF00A7AB7C /* Release */ = {
			isa = XCBuildConfiguration;
			buildSettings = {
				ALWAYS_EMBED_SWIFT_STANDARD_LIBRARIES = YES;
				CODE_SIGN_STYLE = Automatic;
				DEVELOPMENT_TEAM = BHJSDBBPS7;
				INFOPLIST_FILE = AutoLayoutUITests/Info.plist;
				LD_RUNPATH_SEARCH_PATHS = (
					"$(inherited)",
					"@executable_path/Frameworks",
					"@loader_path/Frameworks",
				);
				PRODUCT_BUNDLE_IDENTIFIER = pursuit.AutoLayoutUITests;
				PRODUCT_NAME = "$(TARGET_NAME)";
				SWIFT_VERSION = 5.0;
				TARGETED_DEVICE_FAMILY = "1,2";
				TEST_TARGET_NAME = AutoLayout;
			};
			name = Release;
		};
/* End XCBuildConfiguration section */

/* Begin XCConfigurationList section */
		3A9577CB22FB1ADD00A7AB7C /* Build configuration list for PBXProject "AutoLayout" */ = {
			isa = XCConfigurationList;
			buildConfigurations = (
				3A9577F622FB1ADF00A7AB7C /* Debug */,
				3A9577F722FB1ADF00A7AB7C /* Release */,
			);
			defaultConfigurationIsVisible = 0;
			defaultConfigurationName = Release;
		};
		3A9577F822FB1ADF00A7AB7C /* Build configuration list for PBXNativeTarget "AutoLayout" */ = {
			isa = XCConfigurationList;
			buildConfigurations = (
				3A9577F922FB1ADF00A7AB7C /* Debug */,
				3A9577FA22FB1ADF00A7AB7C /* Release */,
			);
			defaultConfigurationIsVisible = 0;
			defaultConfigurationName = Release;
		};
		3A9577FB22FB1ADF00A7AB7C /* Build configuration list for PBXNativeTarget "AutoLayoutTests" */ = {
			isa = XCConfigurationList;
			buildConfigurations = (
				3A9577FC22FB1ADF00A7AB7C /* Debug */,
				3A9577FD22FB1ADF00A7AB7C /* Release */,
			);
			defaultConfigurationIsVisible = 0;
			defaultConfigurationName = Release;
		};
		3A9577FE22FB1ADF00A7AB7C /* Build configuration list for PBXNativeTarget "AutoLayoutUITests" */ = {
			isa = XCConfigurationList;
			buildConfigurations = (
				3A9577FF22FB1ADF00A7AB7C /* Debug */,
				3A95780022FB1ADF00A7AB7C /* Release */,
			);
			defaultConfigurationIsVisible = 0;
			defaultConfigurationName = Release;
		};
/* End XCConfigurationList section */
	};
	rootObject = 3A9577C822FB1ADD00A7AB7C /* Project object */;
}
